
Microsoft Visual Studio Solution File, Format Version 12.00
# Visual Studio Version 16
VisualStudioVersion = 16.0.30011.22
MinimumVisualStudioVersion = 15.0.26124.0
Project("{9A19103F-16F7-4668-BE54-9A1E7A4F7556}") = "PresenceConsoleApp", "PresenceConsoleApp\PresenceConsoleApp.csproj", "{1BD9A6CB-409B-42D1-AD00-6E30C374A5AD}"
EndProject
Project("{9A19103F-16F7-4668-BE54-9A1E7A4F7556}") = "PresenceWatcherFunctionApp", "PresenceWatcherAzureFunctionApp\PresenceWatcherFunctionApp.csproj", "{1845B149-82D9-4BCD-BA90-D05F1923ECDF}"
EndProject
Global
	GlobalSection(SolutionConfigurationPlatforms) = preSolution
		Debug|Any CPU = Debug|Any CPU
		Debug|x64 = Debug|x64
		Debug|x86 = Debug|x86
		Release|Any CPU = Release|Any CPU
		Release|x64 = Release|x64
		Release|x86 = Release|x86
	EndGlobalSection
	GlobalSection(ProjectConfigurationPlatforms) = postSolution
		{1BD9A6CB-409B-42D1-AD00-6E30C374A5AD}.Debug|Any CPU.ActiveCfg = Debug|Any CPU
		{1BD9A6CB-409B-42D1-AD00-6E30C374A5AD}.Debug|Any CPU.Build.0 = Debug|Any CPU
		{1BD9A6CB-409B-42D1-AD00-6E30C374A5AD}.Debug|x64.ActiveCfg = Debug|Any CPU
		{1BD9A6CB-409B-42D1-AD00-6E30C374A5AD}.Debug|x64.Build.0 = Debug|Any CPU
		{1BD9A6CB-409B-42D1-AD00-6E30C374A5AD}.Debug|x86.ActiveCfg = Debug|Any CPU
		{1BD9A6CB-409B-42D1-AD00-6E30C374A5AD}.Debug|x86.Build.0 = Debug|Any CPU
		{1BD9A6CB-409B-42D1-AD00-6E30C374A5AD}.Release|Any CPU.ActiveCfg = Release|Any CPU
		{1BD9A6CB-409B-42D1-AD00-6E30C374A5AD}.Release|Any CPU.Build.0 = Release|Any CPU
		{1BD9A6CB-409B-42D1-AD00-6E30C374A5AD}.Release|x64.ActiveCfg = Release|Any CPU
		{1BD9A6CB-409B-42D1-AD00-6E30C374A5AD}.Release|x64.Build.0 = Release|Any CPU
		{1BD9A6CB-409B-42D1-AD00-6E30C374A5AD}.Release|x86.ActiveCfg = Release|Any CPU
		{1BD9A6CB-409B-42D1-AD00-6E30C374A5AD}.Release|x86.Build.0 = Release|Any CPU
		{1845B149-82D9-4BCD-BA90-D05F1923ECDF}.Debug|Any CPU.ActiveCfg = Debug|Any CPU
		{1845B149-82D9-4BCD-BA90-D05F1923ECDF}.Debug|Any CPU.Build.0 = Debug|Any CPU
		{1845B149-82D9-4BCD-BA90-D05F1923ECDF}.Debug|x64.ActiveCfg = Debug|Any CPU
		{1845B149-82D9-4BCD-BA90-D05F1923ECDF}.Debug|x64.Build.0 = Debug|Any CPU
		{1845B149-82D9-4BCD-BA90-D05F1923ECDF}.Debug|x86.ActiveCfg = Debug|Any CPU
		{1845B149-82D9-4BCD-BA90-D05F1923ECDF}.Debug|x86.Build.0 = Debug|Any CPU
		{1845B149-82D9-4BCD-BA90-D05F1923ECDF}.Release|Any CPU.ActiveCfg = Release|Any CPU
		{1845B149-82D9-4BCD-BA90-D05F1923ECDF}.Release|Any CPU.Build.0 = Release|Any CPU
		{1845B149-82D9-4BCD-BA90-D05F1923ECDF}.Release|x64.ActiveCfg = Release|Any CPU
		{1845B149-82D9-4BCD-BA90-D05F1923ECDF}.Release|x64.Build.0 = Release|Any CPU
		{1845B149-82D9-4BCD-BA90-D05F1923ECDF}.Release|x86.ActiveCfg = Release|Any CPU
		{1845B149-82D9-4BCD-BA90-D05F1923ECDF}.Release|x86.Build.0 = Release|Any CPU
	EndGlobalSection
	GlobalSection(SolutionProperties) = preSolution
		HideSolutionNode = FALSE
	EndGlobalSection
	GlobalSection(ExtensibilityGlobals) = postSolution
		SolutionGuid = {D2F5431D-5173-4B10-853A-A0C00303F03A}
	EndGlobalSection
EndGlobal
